// !$*UTF8*$!
{
	archiveVersion = 1;
	classes = {
	};
	objectVersion = 50;
	objects = {

/* Begin PBXBuildFile section */
		EA5A52F925C16E70000935C4 /* AppDelegate.swift in Sources */ = {isa = PBXBuildFile; fileRef = EA5A52F825C16E70000935C4 /* AppDelegate.swift */; };
		EA5A52FB25C16E70000935C4 /* SceneDelegate.swift in Sources */ = {isa = PBXBuildFile; fileRef = EA5A52FA25C16E70000935C4 /* SceneDelegate.swift */; };
		EA5A530025C16E70000935C4 /* Main.storyboard in Resources */ = {isa = PBXBuildFile; fileRef = EA5A52FE25C16E70000935C4 /* Main.storyboard */; };
		EA5A530225C16E73000935C4 /* Assets.xcassets in Resources */ = {isa = PBXBuildFile; fileRef = EA5A530125C16E73000935C4 /* Assets.xcassets */; };
		EA5A530525C16E73000935C4 /* LaunchScreen.storyboard in Resources */ = {isa = PBXBuildFile; fileRef = EA5A530325C16E73000935C4 /* LaunchScreen.storyboard */; };
		EA5A531125C16F46000935C4 /* SearchVehicleViewController.swift in Sources */ = {isa = PBXBuildFile; fileRef = EA5A531025C16F46000935C4 /* SearchVehicleViewController.swift */; };
		EA999F3525C1708F00A51DA2 /* RegisterVehicleViewController.swift in Sources */ = {isa = PBXBuildFile; fileRef = EA999F3425C1708F00A51DA2 /* RegisterVehicleViewController.swift */; };
		EA999F3825C1757900A51DA2 /* Vehicle.swift in Sources */ = {isa = PBXBuildFile; fileRef = EA999F3725C1757900A51DA2 /* Vehicle.swift */; };
/* End PBXBuildFile section */

/* Begin PBXFileReference section */
		EA5A52F525C16E70000935C4 /* WestCoastCars.app */ = {isa = PBXFileReference; explicitFileType = wrapper.application; includeInIndex = 0; path = WestCoastCars.app; sourceTree = BUILT_PRODUCTS_DIR; };
		EA5A52F825C16E70000935C4 /* AppDelegate.swift */ = {isa = PBXFileReference; lastKnownFileType = sourcecode.swift; path = AppDelegate.swift; sourceTree = "<group>"; };
		EA5A52FA25C16E70000935C4 /* SceneDelegate.swift */ = {isa = PBXFileReference; lastKnownFileType = sourcecode.swift; path = SceneDelegate.swift; sourceTree = "<group>"; };
		EA5A52FF25C16E70000935C4 /* Base */ = {isa = PBXFileReference; lastKnownFileType = file.storyboard; name = Base; path = Base.lproj/Main.storyboard; sourceTree = "<group>"; };
		EA5A530125C16E73000935C4 /* Assets.xcassets */ = {isa = PBXFileReference; lastKnownFileType = folder.assetcatalog; path = Assets.xcassets; sourceTree = "<group>"; };
		EA5A530425C16E73000935C4 /* Base */ = {isa = PBXFileReference; lastKnownFileType = file.storyboard; name = Base; path = Base.lproj/LaunchScreen.storyboard; sourceTree = "<group>"; };
		EA5A530625C16E73000935C4 /* Info.plist */ = {isa = PBXFileReference; lastKnownFileType = text.plist.xml; path = Info.plist; sourceTree = "<group>"; };
		EA5A531025C16F46000935C4 /* SearchVehicleViewController.swift */ = {isa = PBXFileReference; lastKnownFileType = sourcecode.swift; path = SearchVehicleViewController.swift; sourceTree = "<group>"; };
		EA999F3425C1708F00A51DA2 /* RegisterVehicleViewController.swift */ = {isa = PBXFileReference; lastKnownFileType = sourcecode.swift; path = RegisterVehicleViewController.swift; sourceTree = "<group>"; };
		EA999F3725C1757900A51DA2 /* Vehicle.swift */ = {isa = PBXFileReference; lastKnownFileType = sourcecode.swift; path = Vehicle.swift; sourceTree = "<group>"; };
/* End PBXFileReference section */

/* Begin PBXFrameworksBuildPhase section */
		EA5A52F225C16E70000935C4 /* Frameworks */ = {
			isa = PBXFrameworksBuildPhase;
			buildActionMask = 2147483647;
			files = (
			);
			runOnlyForDeploymentPostprocessing = 0;
		};
/* End PBXFrameworksBuildPhase section */

/* Begin PBXGroup section */
		EA5A52EC25C16E70000935C4 = {
			isa = PBXGroup;
			children = (
				EA5A52F725C16E70000935C4 /* WestCoastCars */,
				EA5A52F625C16E70000935C4 /* Products */,
			);
			sourceTree = "<group>";
		};
		EA5A52F625C16E70000935C4 /* Products */ = {
			isa = PBXGroup;
			children = (
				EA5A52F525C16E70000935C4 /* WestCoastCars.app */,
			);
			name = Products;
			sourceTree = "<group>";
		};
		EA5A52F725C16E70000935C4 /* WestCoastCars */ = {
			isa = PBXGroup;
			children = (
				EA5A530E25C16EA2000935C4 /* ViewControllers */,
				EA5A530D25C16E9A000935C4 /* Models */,
				EA5A52F825C16E70000935C4 /* AppDelegate.swift */,
				EA5A52FA25C16E70000935C4 /* SceneDelegate.swift */,
				EA5A52FE25C16E70000935C4 /* Main.storyboard */,
				EA5A530125C16E73000935C4 /* Assets.xcassets */,
				EA5A530325C16E73000935C4 /* LaunchScreen.storyboard */,
				EA5A530625C16E73000935C4 /* Info.plist */,
			);
			path = WestCoastCars;
			sourceTree = "<group>";
		};
		EA5A530D25C16E9A000935C4 /* Models */ = {
			isa = PBXGroup;
			children = (
				EA999F3725C1757900A51DA2 /* Vehicle.swift */,
			);
			path = Models;
			sourceTree = "<group>";
		};
		EA5A530E25C16EA2000935C4 /* ViewControllers */ = {
			isa = PBXGroup;
			children = (
				EA5A531025C16F46000935C4 /* SearchVehicleViewController.swift */,
				EA999F3425C1708F00A51DA2 /* RegisterVehicleViewController.swift */,
			);
			path = ViewControllers;
			sourceTree = "<group>";
		};
/* End PBXGroup section */

/* Begin PBXNativeTarget section */
		EA5A52F425C16E70000935C4 /* WestCoastCars */ = {
			isa = PBXNativeTarget;
			buildConfigurationList = EA5A530925C16E73000935C4 /* Build configuration list for PBXNativeTarget "WestCoastCars" */;
			buildPhases = (
				EA5A52F125C16E70000935C4 /* Sources */,
				EA5A52F225C16E70000935C4 /* Frameworks */,
				EA5A52F325C16E70000935C4 /* Resources */,
			);
			buildRules = (
			);
			dependencies = (
			);
			name = WestCoastCars;
			productName = WestCoastCars;
			productReference = EA5A52F525C16E70000935C4 /* WestCoastCars.app */;
			productType = "com.apple.product-type.application";
		};
/* End PBXNativeTarget section */

/* Begin PBXProject section */
		EA5A52ED25C16E70000935C4 /* Project object */ = {
			isa = PBXProject;
			attributes = {
				LastSwiftUpdateCheck = 1230;
				LastUpgradeCheck = 1230;
				TargetAttributes = {
					EA5A52F425C16E70000935C4 = {
						CreatedOnToolsVersion = 12.3;
					};
				};
			};
			buildConfigurationList = EA5A52F025C16E70000935C4 /* Build configuration list for PBXProject "WestCoastCars" */;
			compatibilityVersion = "Xcode 9.3";
			developmentRegion = en;
			hasScannedForEncodings = 0;
			knownRegions = (
				en,
				Base,
			);
			mainGroup = EA5A52EC25C16E70000935C4;
			productRefGroup = EA5A52F625C16E70000935C4 /* Products */;
			projectDirPath = "";
			projectRoot = "";
			targets = (
				EA5A52F425C16E70000935C4 /* WestCoastCars */,
			);
		};
/* End PBXProject section */

/* Begin PBXResourcesBuildPhase section */
		EA5A52F325C16E70000935C4 /* Resources */ = {
			isa = PBXResourcesBuildPhase;
			buildActionMask = 2147483647;
			files = (
				EA5A530525C16E73000935C4 /* LaunchScreen.storyboard in Resources */,
				EA5A530225C16E73000935C4 /* Assets.xcassets in Resources */,
				EA5A530025C16E70000935C4 /* Main.storyboard in Resources */,
			);
			runOnlyForDeploymentPostprocessing = 0;
		};
/* End PBXResourcesBuildPhase section */

/* Begin PBXSourcesBuildPhase section */
		EA5A52F125C16E70000935C4 /* Sources */ = {
			isa = PBXSourcesBuildPhase;
			buildActionMask = 2147483647;
			files = (
				EA5A52F925C16E70000935C4 /* AppDelegate.swift in Sources */,
				EA5A531125C16F46000935C4 /* SearchVehicleViewController.swift in Sources */,
				EA999F3525C1708F00A51DA2 /* RegisterVehicleViewController.swift in Sources */,
				EA999F3825C1757900A51DA2 /* Vehicle.swift in Sources */,
				EA5A52FB25C16E70000935C4 /* SceneDelegate.swift in Sources */,
			);
			runOnlyForDeploymentPostprocessing = 0;
		};
/* End PBXSourcesBuildPhase section */

/* Begin PBXVariantGroup section */
		EA5A52FE25C16E70000935C4 /* Main.storyboard */ = {
			isa = PBXVariantGroup;
			children = (
				EA5A52FF25C16E70000935C4 /* Base */,
			);
			name = Main.storyboard;
			sourceTree = "<group>";
		};
		EA5A530325C16E73000935C4 /* LaunchScreen.storyboard */ = {
			isa = PBXVariantGroup;
			children = (
				EA5A530425C16E73000935C4 /* Base */,
			);
			name = LaunchScreen.storyboard;
			sourceTree = "<group>";
		};
/* End PBXVariantGroup section */

/* Begin XCBuildConfiguration section */
		EA5A530725C16E73000935C4 /* Debug */ = {
			isa = XCBuildConfiguration;
			buildSettings = {
				ALWAYS_SEARCH_USER_PATHS = NO;
				CLANG_ANALYZER_NONNULL = YES;
				CLANG_ANALYZER_NUMBER_OBJECT_CONVERSION = YES_AGGRESSIVE;
				CLANG_CXX_LANGUAGE_STANDARD = "gnu++14";
				CLANG_CXX_LIBRARY = "libc++";
				CLANG_ENABLE_MODULES = YES;
				CLANG_ENABLE_OBJC_ARC = YES;
				CLANG_ENABLE_OBJC_WEAK = YES;
				CLANG_WARN_BLOCK_CAPTURE_AUTORELEASING = YES;
				CLANG_WARN_BOOL_CONVERSION = YES;
				CLANG_WARN_COMMA = YES;
				CLANG_WARN_CONSTANT_CONVERSION = YES;
				CLANG_WARN_DEPRECATED_OBJC_IMPLEMENTATIONS = YES;
				CLANG_WARN_DIRECT_OBJC_ISA_USAGE = YES_ERROR;
				CLANG_WARN_DOCUMENTATION_COMMENTS = YES;
				CLANG_WARN_EMPTY_BODY = YES;
				CLANG_WARN_ENUM_CONVERSION = YES;
				CLANG_WARN_INFINITE_RECURSION = YES;
				CLANG_WARN_INT_CONVERSION = YES;
				CLANG_WARN_NON_LITERAL_NULL_CONVERSION = YES;
				CLANG_WARN_OBJC_IMPLICIT_RETAIN_SELF = YES;
				CLANG_WARN_OBJC_LITERAL_CONVERSION = YES;
				CLANG_WARN_OBJC_ROOT_CLASS = YES_ERROR;
				CLANG_WARN_QUOTED_INCLUDE_IN_FRAMEWORK_HEADER = YES;
				CLANG_WARN_RANGE_LOOP_ANALYSIS = YES;
				CLANG_WARN_STRICT_PROTOTYPES = YES;
				CLANG_WARN_SUSPICIOUS_MOVE = YES;
				CLANG_WARN_UNGUARDED_AVAILABILITY = YES_AGGRESSIVE;
				CLANG_WARN_UNREACHABLE_CODE = YES;
				CLANG_WARN__DUPLICATE_METHOD_MATCH = YES;
				COPY_PHASE_STRIP = NO;
				DEBUG_INFORMATION_FORMAT = dwarf;
				ENABLE_STRICT_OBJC_MSGSEND = YES;
				ENABLE_TESTABILITY = YES;
				GCC_C_LANGUAGE_STANDARD = gnu11;
				GCC_DYNAMIC_NO_PIC = NO;
				GCC_NO_COMMON_BLOCKS = YES;
				GCC_OPTIMIZATION_LEVEL = 0;
				GCC_PREPROCESSOR_DEFINITIONS = (
					"DEBUG=1",
					"$(inherited)",
				);
				GCC_WARN_64_TO_32_BIT_CONVERSION = YES;
				GCC_WARN_ABOUT_RETURN_TYPE = YES_ERROR;
				GCC_WARN_UNDECLARED_SELECTOR = YES;
				GCC_WARN_UNINITIALIZED_AUTOS = YES_AGGRESSIVE;
				GCC_WARN_UNUSED_FUNCTION = YES;
				GCC_WARN_UNUSED_VARIABLE = YES;
				IPHONEOS_DEPLOYMENT_TARGET = 14.3;
				MTL_ENABLE_DEBUG_INFO = INCLUDE_SOURCE;
				MTL_FAST_MATH = YES;
				ONLY_ACTIVE_ARCH = YES;
				SDKROOT = iphoneos;
				SWIFT_ACTIVE_COMPILATION_CONDITIONS = DEBUG;
				SWIFT_OPTIMIZATION_LEVEL = "-Onone";
			};
			name = Debug;
		};
		EA5A530825C16E73000935C4 /* Release */ = {
			isa = XCBuildConfiguration;
			buildSettings = {
				ALWAYS_SEARCH_USER_PATHS = NO;
				CLANG_ANALYZER_NONNULL = YES;
				CLANG_ANALYZER_NUMBER_OBJECT_CONVERSION = YES_AGGRESSIVE;
				CLANG_CXX_LANGUAGE_STANDARD = "gnu++14";
				CLANG_CXX_LIBRARY = "libc++";
				CLANG_ENABLE_MODULES = YES;
				CLANG_ENABLE_OBJC_ARC = YES;
				CLANG_ENABLE_OBJC_WEAK = YES;
				CLANG_WARN_BLOCK_CAPTURE_AUTORELEASING = YES;
				CLANG_WARN_BOOL_CONVERSION = YES;
				CLANG_WARN_COMMA = YES;
				CLANG_WARN_CONSTANT_CONVERSION = YES;
				CLANG_WARN_DEPRECATED_OBJC_IMPLEMENTATIONS = YES;
				CLANG_WARN_DIRECT_OBJC_ISA_USAGE = YES_ERROR;
				CLANG_WARN_DOCUMENTATION_COMMENTS = YES;
				CLANG_WARN_EMPTY_BODY = YES;
				CLANG_WARN_ENUM_CONVERSION = YES;
				CLANG_WARN_INFINITE_RECURSION = YES;
				CLANG_WARN_INT_CONVERSION = YES;
				CLANG_WARN_NON_LITERAL_NULL_CONVERSION = YES;
				CLANG_WARN_OBJC_IMPLICIT_RETAIN_SELF = YES;
				CLANG_WARN_OBJC_LITERAL_CONVERSION = YES;
				CLANG_WARN_OBJC_ROOT_CLASS = YES_ERROR;
				CLANG_WARN_QUOTED_INCLUDE_IN_FRAMEWORK_HEADER = YES;
				CLANG_WARN_RANGE_LOOP_ANALYSIS = YES;
				CLANG_WARN_STRICT_PROTOTYPES = YES;
				CLANG_WARN_SUSPICIOUS_MOVE = YES;
				CLANG_WARN_UNGUARDED_AVAILABILITY = YES_AGGRESSIVE;
				CLANG_WARN_UNREACHABLE_CODE = YES;
				CLANG_WARN__DUPLICATE_METHOD_MATCH = YES;
				COPY_PHASE_STRIP = NO;
				DEBUG_INFORMATION_FORMAT = "dwarf-with-dsym";
				ENABLE_NS_ASSERTIONS = NO;
				ENABLE_STRICT_OBJC_MSGSEND = YES;
				GCC_C_LANGUAGE_STANDARD = gnu11;
				GCC_NO_COMMON_BLOCKS = YES;
				GCC_WARN_64_TO_32_BIT_CONVERSION = YES;
				GCC_WARN_ABOUT_RETURN_TYPE = YES_ERROR;
				GCC_WARN_UNDECLARED_SELECTOR = YES;
				GCC_WARN_UNINITIALIZED_AUTOS = YES_AGGRESSIVE;
				GCC_WARN_UNUSED_FUNCTION = YES;
				GCC_WARN_UNUSED_VARIABLE = YES;
				IPHONEOS_DEPLOYMENT_TARGET = 14.3;
				MTL_ENABLE_DEBUG_INFO = NO;
				MTL_FAST_MATH = YES;
				SDKROOT = iphoneos;
				SWIFT_COMPILATION_MODE = wholemodule;
				SWIFT_OPTIMIZATION_LEVEL = "-O";
				VALIDATE_PRODUCT = YES;
			};
			name = Release;
		};
		EA5A530A25C16E73000935C4 /* Debug */ = {
			isa = XCBuildConfiguration;
			buildSettings = {
				ASSETCATALOG_COMPILER_APPICON_NAME = AppIcon;
				ASSETCATALOG_COMPILER_GLOBAL_ACCENT_COLOR_NAME = AccentColor;
				CODE_SIGN_STYLE = Automatic;
				DEVELOPMENT_TEAM = C3SJT459K8;
				INFOPLIST_FILE = WestCoastCars/Info.plist;
				LD_RUNPATH_SEARCH_PATHS = (
					"$(inherited)",
					"@executable_path/Frameworks",
				);
				PRODUCT_BUNDLE_IDENTIFIER = "com.softtech-dev.WestCoastCars";
				PRODUCT_NAME = "$(TARGET_NAME)";
				SWIFT_VERSION = 5.0;
				TARGETED_DEVICE_FAMILY = "1,2";
			};
			name = Debug;
		};
		EA5A530B25C16E73000935C4 /* Release */ = {
			isa = XCBuildConfiguration;
			buildSettings = {
				ASSETCATALOG_COMPILER_APPICON_NAME = AppIcon;
				ASSETCATALOG_COMPILER_GLOBAL_ACCENT_COLOR_NAME = AccentColor;
				CODE_SIGN_STYLE = Automatic;
				DEVELOPMENT_TEAM = C3SJT459K8;
				INFOPLIST_FILE = WestCoastCars/Info.plist;
				LD_RUNPATH_SEARCH_PATHS = (
					"$(inherited)",
					"@executable_path/Frameworks",
				);
				PRODUCT_BUNDLE_IDENTIFIER = "com.softtech-dev.WestCoastCars";
				PRODUCT_NAME = "$(TARGET_NAME)";
				SWIFT_VERSION = 5.0;
				TARGETED_DEVICE_FAMILY = "1,2";
			};
			name = Release;
		};
/* End XCBuildConfiguration section */

/* Begin XCConfigurationList section */
		EA5A52F025C16E70000935C4 /* Build configuration list for PBXProject "WestCoastCars" */ = {
			isa = XCConfigurationList;
			buildConfigurations = (
				EA5A530725C16E73000935C4 /* Debug */,
				EA5A530825C16E73000935C4 /* Release */,
			);
			defaultConfigurationIsVisible = 0;
			defaultConfigurationName = Release;
		};
		EA5A530925C16E73000935C4 /* Build configuration list for PBXNativeTarget "WestCoastCars" */ = {
			isa = XCConfigurationList;
			buildConfigurations = (
				EA5A530A25C16E73000935C4 /* Debug */,
				EA5A530B25C16E73000935C4 /* Release */,
			);
			defaultConfigurationIsVisible = 0;
			defaultConfigurationName = Release;
		};
/* End XCConfigurationList section */
	};
	rootObject = EA5A52ED25C16E70000935C4 /* Project object */;
}
